
Microsoft Visual Studio Solution File, Format Version 12.00
# Visual Studio Version 17
VisualStudioVersion = 17.10.35027.167
MinimumVisualStudioVersion = 10.0.40219.1
Project("{9A19103F-16F7-4668-BE54-9A1E7A4F7556}") = "DigialCalender", "DigialCalender\DigialCalender.csproj", "{3CD1447A-ADE0-4787-BEBA-73C573E605C5}"
EndProject
Project("{2150E333-8FDC-42A3-9474-1A3956D46DE8}") = "Solution Items", "Solution Items", "{8D45676F-7795-46DF-B1DF-41D65C91CF1B}"
EndProject
Global
	GlobalSection(SolutionConfigurationPlatforms) = preSolution
		Debug|Any CPU = Debug|Any CPU
		Release|Any CPU = Release|Any CPU
	EndGlobalSection
	GlobalSection(ProjectConfigurationPlatforms) = postSolution
		{3CD1447A-ADE0-4787-BEBA-73C573E605C5}.Debug|Any CPU.ActiveCfg = Debug|Any CPU
		{3CD1447A-ADE0-4787-BEBA-73C573E605C5}.Debug|Any CPU.Build.0 = Debug|Any CPU
		{3CD1447A-ADE0-4787-BEBA-73C573E605C5}.Release|Any CPU.ActiveCfg = Release|Any CPU
		{3CD1447A-ADE0-4787-BEBA-73C573E605C5}.Release|Any CPU.Build.0 = Release|Any CPU
	EndGlobalSection
	GlobalSection(SolutionProperties) = preSolution
		HideSolutionNode = FALSE
	EndGlobalSection
	GlobalSection(ExtensibilityGlobals) = postSolution
		SolutionGuid = {2455E14F-9DF6-49F3-9B77-BAD28D38AE02}
	EndGlobalSection
EndGlobal
